
Microsoft Visual Studio Solution File, Format Version 12.00
# Visual Studio Version 17
VisualStudioVersion = 17.3.32819.101
MinimumVisualStudioVersion = 10.0.40219.1
Project("{FAE04EC0-301F-11D3-BF4B-00C04F79EFBC}") = "Dom.Infrastructure", "Dom.Infrastructure\Dom.Infrastructure.csproj", "{13792163-C414-4E62-AC9B-FE0E681BA365}"
EndProject
Project("{FAE04EC0-301F-11D3-BF4B-00C04F79EFBC}") = "Dom.Domain", "Dom.Domain\Dom.Domain.csproj", "{8746C4E4-71D9-4312-BF6A-FCA8E31CDF95}"
EndProject
Project("{FAE04EC0-301F-11D3-BF4B-00C04F79EFBC}") = "Dom.Core", "Dom.Core\Dom.Core.csproj", "{4F388F82-B066-4D24-89A6-99F40C16CC1E}"
EndProject
Global
	GlobalSection(SolutionConfigurationPlatforms) = preSolution
		Debug|Any CPU = Debug|Any CPU
		Release|Any CPU = Release|Any CPU
	EndGlobalSection
	GlobalSection(ProjectConfigurationPlatforms) = postSolution
		{13792163-C414-4E62-AC9B-FE0E681BA365}.Debug|Any CPU.ActiveCfg = Debug|Any CPU
		{13792163-C414-4E62-AC9B-FE0E681BA365}.Debug|Any CPU.Build.0 = Debug|Any CPU
		{13792163-C414-4E62-AC9B-FE0E681BA365}.Release|Any CPU.ActiveCfg = Release|Any CPU
		{13792163-C414-4E62-AC9B-FE0E681BA365}.Release|Any CPU.Build.0 = Release|Any CPU
		{8746C4E4-71D9-4312-BF6A-FCA8E31CDF95}.Debug|Any CPU.ActiveCfg = Debug|Any CPU
		{8746C4E4-71D9-4312-BF6A-FCA8E31CDF95}.Debug|Any CPU.Build.0 = Debug|Any CPU
		{8746C4E4-71D9-4312-BF6A-FCA8E31CDF95}.Release|Any CPU.ActiveCfg = Release|Any CPU
		{8746C4E4-71D9-4312-BF6A-FCA8E31CDF95}.Release|Any CPU.Build.0 = Release|Any CPU
		{4F388F82-B066-4D24-89A6-99F40C16CC1E}.Debug|Any CPU.ActiveCfg = Debug|Any CPU
		{4F388F82-B066-4D24-89A6-99F40C16CC1E}.Debug|Any CPU.Build.0 = Debug|Any CPU
		{4F388F82-B066-4D24-89A6-99F40C16CC1E}.Release|Any CPU.ActiveCfg = Release|Any CPU
		{4F388F82-B066-4D24-89A6-99F40C16CC1E}.Release|Any CPU.Build.0 = Release|Any CPU
	EndGlobalSection
	GlobalSection(SolutionProperties) = preSolution
		HideSolutionNode = FALSE
	EndGlobalSection
	GlobalSection(ExtensibilityGlobals) = postSolution
		SolutionGuid = {025AB5A7-EE2A-4631-AEA7-6B2E0E54254F}
	EndGlobalSection
EndGlobal
